
Microsoft Visual Studio Solution File, Format Version 12.00
# Visual Studio Version 17
VisualStudioVersion = 17.8.34316.72
MinimumVisualStudioVersion = 10.0.40219.1
Project("{9A19103F-16F7-4668-BE54-9A1E7A4F7556}") = "MyMicroservice", "MyMicroservice.csproj", "{F39D2151-3401-409E-B162-B3101574087D}"
EndProject
Global
	GlobalSection(SolutionConfigurationPlatforms) = preSolution
		Debug|Any CPU = Debug|Any CPU
		Release|Any CPU = Release|Any CPU
	EndGlobalSection
	GlobalSection(ProjectConfigurationPlatforms) = postSolution
		{F39D2151-3401-409E-B162-B3101574087D}.Debug|Any CPU.ActiveCfg = Debug|Any CPU
		{F39D2151-3401-409E-B162-B3101574087D}.Debug|Any CPU.Build.0 = Debug|Any CPU
		{F39D2151-3401-409E-B162-B3101574087D}.Release|Any CPU.ActiveCfg = Release|Any CPU
		{F39D2151-3401-409E-B162-B3101574087D}.Release|Any CPU.Build.0 = Release|Any CPU
	EndGlobalSection
	GlobalSection(SolutionProperties) = preSolution
		HideSolutionNode = FALSE
	EndGlobalSection
	GlobalSection(ExtensibilityGlobals) = postSolution
		SolutionGuid = {CDBFFF30-2197-4B5B-84DD-4DD476AC88A5}
	EndGlobalSection
EndGlobal
